
Microsoft Visual Studio Solution File, Format Version 12.00
# Visual Studio Version 17
VisualStudioVersion = 17.3.32929.385
MinimumVisualStudioVersion = 10.0.40219.1
Project("{9A19103F-16F7-4668-BE54-9A1E7A4F7556}") = "WPF-Exo", "WPF-Exo\WPF-Exo.csproj", "{6AD59222-4470-4B91-AECA-6F7F2FBD707B}"
EndProject
Project("{9A19103F-16F7-4668-BE54-9A1E7A4F7556}") = "TestUnitaire", "TestUnitaire\TestUnitaire.csproj", "{4F8E418B-2799-4F42-9710-C3DA93959716}"
	ProjectSection(ProjectDependencies) = postProject
		{6AD59222-4470-4B91-AECA-6F7F2FBD707B} = {6AD59222-4470-4B91-AECA-6F7F2FBD707B}
	EndProjectSection
EndProject
Global
	GlobalSection(SolutionConfigurationPlatforms) = preSolution
		Debug|Any CPU = Debug|Any CPU
		Release|Any CPU = Release|Any CPU
	EndGlobalSection
	GlobalSection(ProjectConfigurationPlatforms) = postSolution
		{6AD59222-4470-4B91-AECA-6F7F2FBD707B}.Debug|Any CPU.ActiveCfg = Debug|Any CPU
		{6AD59222-4470-4B91-AECA-6F7F2FBD707B}.Debug|Any CPU.Build.0 = Debug|Any CPU
		{6AD59222-4470-4B91-AECA-6F7F2FBD707B}.Release|Any CPU.ActiveCfg = Release|Any CPU
		{6AD59222-4470-4B91-AECA-6F7F2FBD707B}.Release|Any CPU.Build.0 = Release|Any CPU
		{4F8E418B-2799-4F42-9710-C3DA93959716}.Debug|Any CPU.ActiveCfg = Debug|Any CPU
		{4F8E418B-2799-4F42-9710-C3DA93959716}.Debug|Any CPU.Build.0 = Debug|Any CPU
		{4F8E418B-2799-4F42-9710-C3DA93959716}.Release|Any CPU.ActiveCfg = Release|Any CPU
		{4F8E418B-2799-4F42-9710-C3DA93959716}.Release|Any CPU.Build.0 = Release|Any CPU
	EndGlobalSection
	GlobalSection(SolutionProperties) = preSolution
		HideSolutionNode = FALSE
	EndGlobalSection
	GlobalSection(ExtensibilityGlobals) = postSolution
		SolutionGuid = {5B73B240-D5BC-4D2F-BCFE-716EDB4951CA}
	EndGlobalSection
EndGlobal
